
Microsoft Visual Studio Solution File, Format Version 12.00
# Visual Studio Version 17
VisualStudioVersion = 17.5.33516.290
MinimumVisualStudioVersion = 10.0.40219.1
Project("{FAE04EC0-301F-11D3-BF4B-00C04F79EFBC}") = "Guilded KeyAuth Seller Bot", "Guilded KeyAuth Seller Bot\Guilded KeyAuth Seller Bot.csproj", "{92F5738C-CFF1-4942-A827-01A3CBB49E6A}"
EndProject
Global
	GlobalSection(SolutionConfigurationPlatforms) = preSolution
		Debug|Any CPU = Debug|Any CPU
		Release|Any CPU = Release|Any CPU
	EndGlobalSection
	GlobalSection(ProjectConfigurationPlatforms) = postSolution
		{92F5738C-CFF1-4942-A827-01A3CBB49E6A}.Debug|Any CPU.ActiveCfg = Debug|Any CPU
		{92F5738C-CFF1-4942-A827-01A3CBB49E6A}.Debug|Any CPU.Build.0 = Debug|Any CPU
		{92F5738C-CFF1-4942-A827-01A3CBB49E6A}.Release|Any CPU.ActiveCfg = Release|Any CPU
		{92F5738C-CFF1-4942-A827-01A3CBB49E6A}.Release|Any CPU.Build.0 = Release|Any CPU
	EndGlobalSection
	GlobalSection(SolutionProperties) = preSolution
		HideSolutionNode = FALSE
	EndGlobalSection
	GlobalSection(ExtensibilityGlobals) = postSolution
		SolutionGuid = {9682F014-CAB5-4493-8C20-4A5EA920D226}
	EndGlobalSection
EndGlobal
